
Microsoft Visual Studio Solution File, Format Version 12.00
# Visual Studio Version 16
VisualStudioVersion = 16.0.30225.117
MinimumVisualStudioVersion = 10.0.40219.1
Project("{F184B08F-C81C-45F6-A57F-5ABD9991F28F}") = "Hospital Charges", "Hospital Charges\Hospital Charges.vbproj", "{22F65F53-8EA0-402E-9475-6568215E5AF3}"
EndProject
Global
	GlobalSection(SolutionConfigurationPlatforms) = preSolution
		Debug|Any CPU = Debug|Any CPU
		Release|Any CPU = Release|Any CPU
	EndGlobalSection
	GlobalSection(ProjectConfigurationPlatforms) = postSolution
		{22F65F53-8EA0-402E-9475-6568215E5AF3}.Debug|Any CPU.ActiveCfg = Debug|Any CPU
		{22F65F53-8EA0-402E-9475-6568215E5AF3}.Debug|Any CPU.Build.0 = Debug|Any CPU
		{22F65F53-8EA0-402E-9475-6568215E5AF3}.Release|Any CPU.ActiveCfg = Release|Any CPU
		{22F65F53-8EA0-402E-9475-6568215E5AF3}.Release|Any CPU.Build.0 = Release|Any CPU
	EndGlobalSection
	GlobalSection(SolutionProperties) = preSolution
		HideSolutionNode = FALSE
	EndGlobalSection
	GlobalSection(ExtensibilityGlobals) = postSolution
		SolutionGuid = {4EE9133C-26C3-4584-B2F8-7B3FFDC951B0}
	EndGlobalSection
EndGlobal
